
Microsoft Visual Studio Solution File, Format Version 12.00
# Visual Studio Version 17
VisualStudioVersion = 17.11.35312.102
MinimumVisualStudioVersion = 10.0.40219.1
Project("{8BC9CEB8-8B4A-11D0-8D11-00A0C91BC942}") = "hotrod", "hotrod\hotrod.vcxproj", "{E651E780-9434-4064-BF03-4AE77DA1F8B3}"
EndProject
Project("{8BC9CEB8-8B4A-11D0-8D11-00A0C91BC942}") = "rod", "rod\rod.vcxproj", "{CFFE1060-B09C-4BCD-B872-086B8547E8B1}"
EndProject
Project("{8BC9CEB8-8B4A-11D0-8D11-00A0C91BC942}") = "shared", "shared\shared.vcxitems", "{03A94931-6225-483D-AAF7-1D687F0D48FD}"
EndProject
Global
	GlobalSection(SolutionConfigurationPlatforms) = preSolution
		Debug|x64 = Debug|x64
		Debug|x86 = Debug|x86
		Release|x64 = Release|x64
		Release|x86 = Release|x86
	EndGlobalSection
	GlobalSection(ProjectConfigurationPlatforms) = postSolution
		{E651E780-9434-4064-BF03-4AE77DA1F8B3}.Debug|x64.ActiveCfg = Debug|x64
		{E651E780-9434-4064-BF03-4AE77DA1F8B3}.Debug|x64.Build.0 = Debug|x64
		{E651E780-9434-4064-BF03-4AE77DA1F8B3}.Debug|x86.ActiveCfg = Debug|Win32
		{E651E780-9434-4064-BF03-4AE77DA1F8B3}.Debug|x86.Build.0 = Debug|Win32
		{E651E780-9434-4064-BF03-4AE77DA1F8B3}.Release|x64.ActiveCfg = Release|x64
		{E651E780-9434-4064-BF03-4AE77DA1F8B3}.Release|x64.Build.0 = Release|x64
		{E651E780-9434-4064-BF03-4AE77DA1F8B3}.Release|x86.ActiveCfg = Release|Win32
		{E651E780-9434-4064-BF03-4AE77DA1F8B3}.Release|x86.Build.0 = Release|Win32
		{CFFE1060-B09C-4BCD-B872-086B8547E8B1}.Debug|x64.ActiveCfg = Debug|x64
		{CFFE1060-B09C-4BCD-B872-086B8547E8B1}.Debug|x64.Build.0 = Debug|x64
		{CFFE1060-B09C-4BCD-B872-086B8547E8B1}.Debug|x86.ActiveCfg = Debug|Win32
		{CFFE1060-B09C-4BCD-B872-086B8547E8B1}.Debug|x86.Build.0 = Debug|Win32
		{CFFE1060-B09C-4BCD-B872-086B8547E8B1}.Release|x64.ActiveCfg = Release|x64
		{CFFE1060-B09C-4BCD-B872-086B8547E8B1}.Release|x64.Build.0 = Release|x64
		{CFFE1060-B09C-4BCD-B872-086B8547E8B1}.Release|x86.ActiveCfg = Release|Win32
		{CFFE1060-B09C-4BCD-B872-086B8547E8B1}.Release|x86.Build.0 = Release|Win32
	EndGlobalSection
	GlobalSection(SolutionProperties) = preSolution
		HideSolutionNode = FALSE
	EndGlobalSection
	GlobalSection(ExtensibilityGlobals) = postSolution
		SolutionGuid = {5481E552-4386-4B4B-A3CB-7861EE030AAF}
	EndGlobalSection
	GlobalSection(SharedMSBuildProjectFiles) = preSolution
		shared\shared.vcxitems*{03a94931-6225-483d-aaf7-1d687f0d48fd}*SharedItemsImports = 9
		shared\shared.vcxitems*{cffe1060-b09c-4bcd-b872-086b8547e8b1}*SharedItemsImports = 4
		shared\shared.vcxitems*{e651e780-9434-4064-bf03-4ae77da1f8b3}*SharedItemsImports = 4
	EndGlobalSection
EndGlobal
